
Microsoft Visual Studio Solution File, Format Version 12.00
# Visual Studio 15
VisualStudioVersion = 15.0.27004.2010
MinimumVisualStudioVersion = 10.0.40219.1
Project("{FAE04EC0-301F-11D3-BF4B-00C04F79EFBC}") = "Util", "Util\Util.csproj", "{3363DA83-F692-4367-B905-062451ACA009}"
EndProject
Project("{FAE04EC0-301F-11D3-BF4B-00C04F79EFBC}") = "CodedUITest_Util", "CodedUITest_Util\CodedUITest_Util.csproj", "{EC879D83-94BE-441D-8F1F-FC423B3964EF}"
EndProject
Project("{FAE04EC0-301F-11D3-BF4B-00C04F79EFBC}") = "TestWebApplication", "TestWebApplication\TestWebApplication.csproj", "{25515125-9769-4E62-BAB7-6EF39ACE64B9}"
EndProject
Project("{FAE04EC0-301F-11D3-BF4B-00C04F79EFBC}") = "Util.Excel.NPOI", "Util.Excel.NPOI\Util.Excel.NPOI.csproj", "{54D41E50-8566-4564-9DB7-8DD85A8A19D2}"
EndProject
Project("{FAE04EC0-301F-11D3-BF4B-00C04F79EFBC}") = "Util.Excel.Aspose", "Util.Excel.Aspose\Util.Excel.Aspose.csproj", "{5ADBF989-8C77-4BA9-8718-948E65EABD77}"
EndProject
Project("{FAE04EC0-301F-11D3-BF4B-00C04F79EFBC}") = "Util.Windows.Controls", "Util.Windows.Controls\Util.Windows.Controls.csproj", "{784DE258-E5B3-4525-837B-1959C883FFBB}"
EndProject
Project("{FAE04EC0-301F-11D3-BF4B-00C04F79EFBC}") = "Util.Excel.InteropExcel", "Util.Excel.InteropExcel\Util.Excel.InteropExcel.csproj", "{AD14CCB8-D4BB-484E-9541-EB01245422B9}"
EndProject
Project("{FAE04EC0-301F-11D3-BF4B-00C04F79EFBC}") = "Util.ElectronicWeigher", "Util.ElectronicWeigher\Util.ElectronicWeigher.csproj", "{2D454AC4-754B-4E92-8B20-357855FA6AFB}"
EndProject
Project("{9A19103F-16F7-4668-BE54-9A1E7A4F7556}") = "CoreUtil", "CoreUtil\CoreUtil.csproj", "{EE7390A5-23F9-4BE1-BAEE-08AF34CA0E61}"
EndProject
Project("{9A19103F-16F7-4668-BE54-9A1E7A4F7556}") = "CoreUtil.Xamarin", "CoreUtil.Xamarin\CoreUtil.Xamarin.csproj", "{173139D1-0E38-4078-8695-50317E4383FE}"
EndProject
Project("{FAE04EC0-301F-11D3-BF4B-00C04F79EFBC}") = "CoreUtil.Xamarin.Android", "CoreUtil.Xamarin.Android\CoreUtil.Xamarin.Android.csproj", "{B71ADD51-D2F7-4B0B-B61A-D0E3066DD113}"
EndProject
Project("{FAE04EC0-301F-11D3-BF4B-00C04F79EFBC}") = "CoreUtil.Xamarin.iOS", "CoreUtil.Xamarin.iOS\CoreUtil.Xamarin.iOS.csproj", "{C3275D26-7B42-46F4-9292-2796F0186310}"
EndProject
Global
	GlobalSection(SolutionConfigurationPlatforms) = preSolution
		Debug|Any CPU = Debug|Any CPU
		Debug|x86 = Debug|x86
		Release|Any CPU = Release|Any CPU
		Release|x86 = Release|x86
	EndGlobalSection
	GlobalSection(ProjectConfigurationPlatforms) = postSolution
		{3363DA83-F692-4367-B905-062451ACA009}.Debug|Any CPU.ActiveCfg = Debug|Any CPU
		{3363DA83-F692-4367-B905-062451ACA009}.Debug|Any CPU.Build.0 = Debug|Any CPU
		{3363DA83-F692-4367-B905-062451ACA009}.Debug|x86.ActiveCfg = Debug|Any CPU
		{3363DA83-F692-4367-B905-062451ACA009}.Debug|x86.Build.0 = Debug|Any CPU
		{3363DA83-F692-4367-B905-062451ACA009}.Release|Any CPU.ActiveCfg = Release|Any CPU
		{3363DA83-F692-4367-B905-062451ACA009}.Release|Any CPU.Build.0 = Release|Any CPU
		{3363DA83-F692-4367-B905-062451ACA009}.Release|x86.ActiveCfg = Release|Any CPU
		{3363DA83-F692-4367-B905-062451ACA009}.Release|x86.Build.0 = Release|Any CPU
		{EC879D83-94BE-441D-8F1F-FC423B3964EF}.Debug|Any CPU.ActiveCfg = Debug|Any CPU
		{EC879D83-94BE-441D-8F1F-FC423B3964EF}.Debug|Any CPU.Build.0 = Debug|Any CPU
		{EC879D83-94BE-441D-8F1F-FC423B3964EF}.Debug|x86.ActiveCfg = Debug|Any CPU
		{EC879D83-94BE-441D-8F1F-FC423B3964EF}.Debug|x86.Build.0 = Debug|Any CPU
		{EC879D83-94BE-441D-8F1F-FC423B3964EF}.Release|Any CPU.ActiveCfg = Release|Any CPU
		{EC879D83-94BE-441D-8F1F-FC423B3964EF}.Release|Any CPU.Build.0 = Release|Any CPU
		{EC879D83-94BE-441D-8F1F-FC423B3964EF}.Release|x86.ActiveCfg = Release|Any CPU
		{EC879D83-94BE-441D-8F1F-FC423B3964EF}.Release|x86.Build.0 = Release|Any CPU
		{25515125-9769-4E62-BAB7-6EF39ACE64B9}.Debug|Any CPU.ActiveCfg = Debug|Any CPU
		{25515125-9769-4E62-BAB7-6EF39ACE64B9}.Debug|Any CPU.Build.0 = Debug|Any CPU
		{25515125-9769-4E62-BAB7-6EF39ACE64B9}.Debug|x86.ActiveCfg = Debug|Any CPU
		{25515125-9769-4E62-BAB7-6EF39ACE64B9}.Debug|x86.Build.0 = Debug|Any CPU
		{25515125-9769-4E62-BAB7-6EF39ACE64B9}.Release|Any CPU.ActiveCfg = Release|Any CPU
		{25515125-9769-4E62-BAB7-6EF39ACE64B9}.Release|Any CPU.Build.0 = Release|Any CPU
		{25515125-9769-4E62-BAB7-6EF39ACE64B9}.Release|x86.ActiveCfg = Release|Any CPU
		{25515125-9769-4E62-BAB7-6EF39ACE64B9}.Release|x86.Build.0 = Release|Any CPU
		{54D41E50-8566-4564-9DB7-8DD85A8A19D2}.Debug|Any CPU.ActiveCfg = Debug|Any CPU
		{54D41E50-8566-4564-9DB7-8DD85A8A19D2}.Debug|Any CPU.Build.0 = Debug|Any CPU
		{54D41E50-8566-4564-9DB7-8DD85A8A19D2}.Debug|x86.ActiveCfg = Debug|Any CPU
		{54D41E50-8566-4564-9DB7-8DD85A8A19D2}.Debug|x86.Build.0 = Debug|Any CPU
		{54D41E50-8566-4564-9DB7-8DD85A8A19D2}.Release|Any CPU.ActiveCfg = Release|Any CPU
		{54D41E50-8566-4564-9DB7-8DD85A8A19D2}.Release|Any CPU.Build.0 = Release|Any CPU
		{54D41E50-8566-4564-9DB7-8DD85A8A19D2}.Release|x86.ActiveCfg = Release|Any CPU
		{54D41E50-8566-4564-9DB7-8DD85A8A19D2}.Release|x86.Build.0 = Release|Any CPU
		{5ADBF989-8C77-4BA9-8718-948E65EABD77}.Debug|Any CPU.ActiveCfg = Debug|Any CPU
		{5ADBF989-8C77-4BA9-8718-948E65EABD77}.Debug|Any CPU.Build.0 = Debug|Any CPU
		{5ADBF989-8C77-4BA9-8718-948E65EABD77}.Debug|x86.ActiveCfg = Debug|Any CPU
		{5ADBF989-8C77-4BA9-8718-948E65EABD77}.Debug|x86.Build.0 = Debug|Any CPU
		{5ADBF989-8C77-4BA9-8718-948E65EABD77}.Release|Any CPU.ActiveCfg = Release|Any CPU
		{5ADBF989-8C77-4BA9-8718-948E65EABD77}.Release|Any CPU.Build.0 = Release|Any CPU
		{5ADBF989-8C77-4BA9-8718-948E65EABD77}.Release|x86.ActiveCfg = Release|Any CPU
		{5ADBF989-8C77-4BA9-8718-948E65EABD77}.Release|x86.Build.0 = Release|Any CPU
		{784DE258-E5B3-4525-837B-1959C883FFBB}.Debug|Any CPU.ActiveCfg = Debug|Any CPU
		{784DE258-E5B3-4525-837B-1959C883FFBB}.Debug|Any CPU.Build.0 = Debug|Any CPU
		{784DE258-E5B3-4525-837B-1959C883FFBB}.Debug|x86.ActiveCfg = Debug|Any CPU
		{784DE258-E5B3-4525-837B-1959C883FFBB}.Debug|x86.Build.0 = Debug|Any CPU
		{784DE258-E5B3-4525-837B-1959C883FFBB}.Release|Any CPU.ActiveCfg = Release|Any CPU
		{784DE258-E5B3-4525-837B-1959C883FFBB}.Release|Any CPU.Build.0 = Release|Any CPU
		{784DE258-E5B3-4525-837B-1959C883FFBB}.Release|x86.ActiveCfg = Release|Any CPU
		{784DE258-E5B3-4525-837B-1959C883FFBB}.Release|x86.Build.0 = Release|Any CPU
		{AD14CCB8-D4BB-484E-9541-EB01245422B9}.Debug|Any CPU.ActiveCfg = Debug|Any CPU
		{AD14CCB8-D4BB-484E-9541-EB01245422B9}.Debug|Any CPU.Build.0 = Debug|Any CPU
		{AD14CCB8-D4BB-484E-9541-EB01245422B9}.Debug|x86.ActiveCfg = Debug|Any CPU
		{AD14CCB8-D4BB-484E-9541-EB01245422B9}.Debug|x86.Build.0 = Debug|Any CPU
		{AD14CCB8-D4BB-484E-9541-EB01245422B9}.Release|Any CPU.ActiveCfg = Release|Any CPU
		{AD14CCB8-D4BB-484E-9541-EB01245422B9}.Release|Any CPU.Build.0 = Release|Any CPU
		{AD14CCB8-D4BB-484E-9541-EB01245422B9}.Release|x86.ActiveCfg = Release|Any CPU
		{AD14CCB8-D4BB-484E-9541-EB01245422B9}.Release|x86.Build.0 = Release|Any CPU
		{2D454AC4-754B-4E92-8B20-357855FA6AFB}.Debug|Any CPU.ActiveCfg = Debug|Any CPU
		{2D454AC4-754B-4E92-8B20-357855FA6AFB}.Debug|Any CPU.Build.0 = Debug|Any CPU
		{2D454AC4-754B-4E92-8B20-357855FA6AFB}.Debug|x86.ActiveCfg = Debug|Any CPU
		{2D454AC4-754B-4E92-8B20-357855FA6AFB}.Debug|x86.Build.0 = Debug|Any CPU
		{2D454AC4-754B-4E92-8B20-357855FA6AFB}.Release|Any CPU.ActiveCfg = Release|Any CPU
		{2D454AC4-754B-4E92-8B20-357855FA6AFB}.Release|Any CPU.Build.0 = Release|Any CPU
		{2D454AC4-754B-4E92-8B20-357855FA6AFB}.Release|x86.ActiveCfg = Release|Any CPU
		{2D454AC4-754B-4E92-8B20-357855FA6AFB}.Release|x86.Build.0 = Release|Any CPU
		{EE7390A5-23F9-4BE1-BAEE-08AF34CA0E61}.Debug|Any CPU.ActiveCfg = Debug|Any CPU
		{EE7390A5-23F9-4BE1-BAEE-08AF34CA0E61}.Debug|Any CPU.Build.0 = Debug|Any CPU
		{EE7390A5-23F9-4BE1-BAEE-08AF34CA0E61}.Debug|x86.ActiveCfg = Debug|Any CPU
		{EE7390A5-23F9-4BE1-BAEE-08AF34CA0E61}.Debug|x86.Build.0 = Debug|Any CPU
		{EE7390A5-23F9-4BE1-BAEE-08AF34CA0E61}.Release|Any CPU.ActiveCfg = Release|Any CPU
		{EE7390A5-23F9-4BE1-BAEE-08AF34CA0E61}.Release|Any CPU.Build.0 = Release|Any CPU
		{EE7390A5-23F9-4BE1-BAEE-08AF34CA0E61}.Release|x86.ActiveCfg = Release|Any CPU
		{EE7390A5-23F9-4BE1-BAEE-08AF34CA0E61}.Release|x86.Build.0 = Release|Any CPU
		{173139D1-0E38-4078-8695-50317E4383FE}.Debug|Any CPU.ActiveCfg = Debug|Any CPU
		{173139D1-0E38-4078-8695-50317E4383FE}.Debug|Any CPU.Build.0 = Debug|Any CPU
		{173139D1-0E38-4078-8695-50317E4383FE}.Debug|x86.ActiveCfg = Debug|Any CPU
		{173139D1-0E38-4078-8695-50317E4383FE}.Debug|x86.Build.0 = Debug|Any CPU
		{173139D1-0E38-4078-8695-50317E4383FE}.Release|Any CPU.ActiveCfg = Release|Any CPU
		{173139D1-0E38-4078-8695-50317E4383FE}.Release|Any CPU.Build.0 = Release|Any CPU
		{173139D1-0E38-4078-8695-50317E4383FE}.Release|x86.ActiveCfg = Release|Any CPU
		{173139D1-0E38-4078-8695-50317E4383FE}.Release|x86.Build.0 = Release|Any CPU
		{B71ADD51-D2F7-4B0B-B61A-D0E3066DD113}.Debug|Any CPU.ActiveCfg = Debug|Any CPU
		{B71ADD51-D2F7-4B0B-B61A-D0E3066DD113}.Debug|Any CPU.Build.0 = Debug|Any CPU
		{B71ADD51-D2F7-4B0B-B61A-D0E3066DD113}.Debug|x86.ActiveCfg = Debug|Any CPU
		{B71ADD51-D2F7-4B0B-B61A-D0E3066DD113}.Debug|x86.Build.0 = Debug|Any CPU
		{B71ADD51-D2F7-4B0B-B61A-D0E3066DD113}.Release|Any CPU.ActiveCfg = Release|Any CPU
		{B71ADD51-D2F7-4B0B-B61A-D0E3066DD113}.Release|Any CPU.Build.0 = Release|Any CPU
		{B71ADD51-D2F7-4B0B-B61A-D0E3066DD113}.Release|x86.ActiveCfg = Release|Any CPU
		{B71ADD51-D2F7-4B0B-B61A-D0E3066DD113}.Release|x86.Build.0 = Release|Any CPU
		{C3275D26-7B42-46F4-9292-2796F0186310}.Debug|Any CPU.ActiveCfg = Debug|Any CPU
		{C3275D26-7B42-46F4-9292-2796F0186310}.Debug|Any CPU.Build.0 = Debug|Any CPU
		{C3275D26-7B42-46F4-9292-2796F0186310}.Debug|x86.ActiveCfg = Debug|Any CPU
		{C3275D26-7B42-46F4-9292-2796F0186310}.Debug|x86.Build.0 = Debug|Any CPU
		{C3275D26-7B42-46F4-9292-2796F0186310}.Release|Any CPU.ActiveCfg = Release|Any CPU
		{C3275D26-7B42-46F4-9292-2796F0186310}.Release|Any CPU.Build.0 = Release|Any CPU
		{C3275D26-7B42-46F4-9292-2796F0186310}.Release|x86.ActiveCfg = Release|Any CPU
		{C3275D26-7B42-46F4-9292-2796F0186310}.Release|x86.Build.0 = Release|Any CPU
	EndGlobalSection
	GlobalSection(SolutionProperties) = preSolution
		HideSolutionNode = FALSE
	EndGlobalSection
	GlobalSection(ExtensibilityGlobals) = postSolution
		SolutionGuid = {C6D7C3A5-EC24-40FC-85B0-01E9B2E108C4}
	EndGlobalSection
EndGlobal
